// !$*UTF8*$!
{
	archiveVersion = 1;
	classes = {
	};
	objectVersion = 50;
	objects = {

/* Begin PBXBuildFile section */
		D950D65525049CC1001F3D27 /* CourseDetail.swift in Sources */ = {isa = PBXBuildFile; fileRef = D950D65425049CC1001F3D27 /* CourseDetail.swift */; };
		D950D6572504B3C4001F3D27 /* Data.swift in Sources */ = {isa = PBXBuildFile; fileRef = D950D6562504B3C4001F3D27 /* Data.swift */; };
		D950D6592504BB8A001F3D27 /* PostList.swift in Sources */ = {isa = PBXBuildFile; fileRef = D950D6582504BB8A001F3D27 /* PostList.swift */; };
		D954F60124FB9D4A00C0C74B /* Modifiers.swift in Sources */ = {isa = PBXBuildFile; fileRef = D954F60024FB9D4A00C0C74B /* Modifiers.swift */; };
		D954F60324FBA2A800C0C74B /* Work_Sans in Resources */ = {isa = PBXBuildFile; fileRef = D954F60224FBA2A700C0C74B /* Work_Sans */; };
		D96972A924F9422E00A98A90 /* UpdateDetails.swift in Sources */ = {isa = PBXBuildFile; fileRef = D96972A824F9422E00A98A90 /* UpdateDetails.swift */; };
		D96972AB24F948B700A98A90 /* UpdateStore.swift in Sources */ = {isa = PBXBuildFile; fileRef = D96972AA24F948B700A98A90 /* UpdateStore.swift */; };
		D96972AD24F94C9C00A98A90 /* TabBar.swift in Sources */ = {isa = PBXBuildFile; fileRef = D96972AC24F94C9C00A98A90 /* TabBar.swift */; };
		D96F141424F7DC3400C4BD71 /* UpdateList.swift in Sources */ = {isa = PBXBuildFile; fileRef = D96F141324F7DC3400C4BD71 /* UpdateList.swift */; };
		D9B0A86024F24C3300C20034 /* AppDelegate.swift in Sources */ = {isa = PBXBuildFile; fileRef = D9B0A85F24F24C3300C20034 /* AppDelegate.swift */; };
		D9B0A86224F24C3300C20034 /* SceneDelegate.swift in Sources */ = {isa = PBXBuildFile; fileRef = D9B0A86124F24C3300C20034 /* SceneDelegate.swift */; };
		D9B0A86524F24C3300C20034 /* DesignCode.xcdatamodeld in Sources */ = {isa = PBXBuildFile; fileRef = D9B0A86324F24C3300C20034 /* DesignCode.xcdatamodeld */; };
		D9B0A86724F24C3300C20034 /* ContentView.swift in Sources */ = {isa = PBXBuildFile; fileRef = D9B0A86624F24C3300C20034 /* ContentView.swift */; };
		D9B0A86924F24C3C00C20034 /* Assets.xcassets in Resources */ = {isa = PBXBuildFile; fileRef = D9B0A86824F24C3C00C20034 /* Assets.xcassets */; };
		D9B0A86C24F24C3C00C20034 /* Preview Assets.xcassets in Resources */ = {isa = PBXBuildFile; fileRef = D9B0A86B24F24C3C00C20034 /* Preview Assets.xcassets */; };
		D9B0A86F24F24C3C00C20034 /* LaunchScreen.storyboard in Resources */ = {isa = PBXBuildFile; fileRef = D9B0A86D24F24C3C00C20034 /* LaunchScreen.storyboard */; };
		D9BF69E824FA3A14002AE626 /* RingView.swift in Sources */ = {isa = PBXBuildFile; fileRef = D9BF69E724FA3A14002AE626 /* RingView.swift */; };
		D9E5244024F6954D00619D6D /* HomeView.swift in Sources */ = {isa = PBXBuildFile; fileRef = D9E5243F24F6954D00619D6D /* HomeView.swift */; };
		D9EDBBEB24FD240E00BDBA04 /* CourseList.swift in Sources */ = {isa = PBXBuildFile; fileRef = D9EDBBEA24FD240E00BDBA04 /* CourseList.swift */; };
		D9FA3DB524F5288E009ADECE /* MenuView.swift in Sources */ = {isa = PBXBuildFile; fileRef = D9FA3DB424F5288E009ADECE /* MenuView.swift */; };
		D9FA3DB724F53ED8009ADECE /* Home.swift in Sources */ = {isa = PBXBuildFile; fileRef = D9FA3DB624F53ED8009ADECE /* Home.swift */; };
/* End PBXBuildFile section */

/* Begin PBXFileReference section */
		D950D65425049CC1001F3D27 /* CourseDetail.swift */ = {isa = PBXFileReference; lastKnownFileType = sourcecode.swift; path = CourseDetail.swift; sourceTree = "<group>"; };
		D950D6562504B3C4001F3D27 /* Data.swift */ = {isa = PBXFileReference; lastKnownFileType = sourcecode.swift; path = Data.swift; sourceTree = "<group>"; };
		D950D6582504BB8A001F3D27 /* PostList.swift */ = {isa = PBXFileReference; lastKnownFileType = sourcecode.swift; path = PostList.swift; sourceTree = "<group>"; };
		D954F60024FB9D4A00C0C74B /* Modifiers.swift */ = {isa = PBXFileReference; lastKnownFileType = sourcecode.swift; path = Modifiers.swift; sourceTree = "<group>"; };
		D954F60224FBA2A700C0C74B /* Work_Sans */ = {isa = PBXFileReference; lastKnownFileType = folder; path = Work_Sans; sourceTree = "<group>"; };
		D96972A824F9422E00A98A90 /* UpdateDetails.swift */ = {isa = PBXFileReference; lastKnownFileType = sourcecode.swift; path = UpdateDetails.swift; sourceTree = "<group>"; };
		D96972AA24F948B700A98A90 /* UpdateStore.swift */ = {isa = PBXFileReference; lastKnownFileType = sourcecode.swift; path = UpdateStore.swift; sourceTree = "<group>"; };
		D96972AC24F94C9C00A98A90 /* TabBar.swift */ = {isa = PBXFileReference; lastKnownFileType = sourcecode.swift; path = TabBar.swift; sourceTree = "<group>"; };
		D96F141324F7DC3400C4BD71 /* UpdateList.swift */ = {isa = PBXFileReference; lastKnownFileType = sourcecode.swift; path = UpdateList.swift; sourceTree = "<group>"; };
		D9B0A85C24F24C3300C20034 /* DesignCode.app */ = {isa = PBXFileReference; explicitFileType = wrapper.application; includeInIndex = 0; path = DesignCode.app; sourceTree = BUILT_PRODUCTS_DIR; };
		D9B0A85F24F24C3300C20034 /* AppDelegate.swift */ = {isa = PBXFileReference; lastKnownFileType = sourcecode.swift; path = AppDelegate.swift; sourceTree = "<group>"; };
		D9B0A86124F24C3300C20034 /* SceneDelegate.swift */ = {isa = PBXFileReference; lastKnownFileType = sourcecode.swift; path = SceneDelegate.swift; sourceTree = "<group>"; };
		D9B0A86424F24C3300C20034 /* DesignCode.xcdatamodel */ = {isa = PBXFileReference; lastKnownFileType = wrapper.xcdatamodel; path = DesignCode.xcdatamodel; sourceTree = "<group>"; };
		D9B0A86624F24C3300C20034 /* ContentView.swift */ = {isa = PBXFileReference; lastKnownFileType = sourcecode.swift; path = ContentView.swift; sourceTree = "<group>"; };
		D9B0A86824F24C3C00C20034 /* Assets.xcassets */ = {isa = PBXFileReference; lastKnownFileType = folder.assetcatalog; path = Assets.xcassets; sourceTree = "<group>"; };
		D9B0A86B24F24C3C00C20034 /* Preview Assets.xcassets */ = {isa = PBXFileReference; lastKnownFileType = folder.assetcatalog; path = "Preview Assets.xcassets"; sourceTree = "<group>"; };
		D9B0A86E24F24C3C00C20034 /* Base */ = {isa = PBXFileReference; lastKnownFileType = file.storyboard; name = Base; path = Base.lproj/LaunchScreen.storyboard; sourceTree = "<group>"; };
		D9B0A87024F24C3C00C20034 /* Info.plist */ = {isa = PBXFileReference; lastKnownFileType = text.plist.xml; path = Info.plist; sourceTree = "<group>"; };
		D9BF69E724FA3A14002AE626 /* RingView.swift */ = {isa = PBXFileReference; lastKnownFileType = sourcecode.swift; path = RingView.swift; sourceTree = "<group>"; };
		D9E5243F24F6954D00619D6D /* HomeView.swift */ = {isa = PBXFileReference; lastKnownFileType = sourcecode.swift; path = HomeView.swift; sourceTree = "<group>"; };
		D9EDBBEA24FD240E00BDBA04 /* CourseList.swift */ = {isa = PBXFileReference; lastKnownFileType = sourcecode.swift; path = CourseList.swift; sourceTree = "<group>"; };
		D9FA3DB424F5288E009ADECE /* MenuView.swift */ = {isa = PBXFileReference; lastKnownFileType = sourcecode.swift; path = MenuView.swift; sourceTree = "<group>"; };
		D9FA3DB624F53ED8009ADECE /* Home.swift */ = {isa = PBXFileReference; lastKnownFileType = sourcecode.swift; path = Home.swift; sourceTree = "<group>"; };
/* End PBXFileReference section */

/* Begin PBXFrameworksBuildPhase section */
		D9B0A85924F24C3300C20034 /* Frameworks */ = {
			isa = PBXFrameworksBuildPhase;
			buildActionMask = 2147483647;
			files = (
			);
			runOnlyForDeploymentPostprocessing = 0;
		};
/* End PBXFrameworksBuildPhase section */

/* Begin PBXGroup section */
		D9B0A85324F24C3300C20034 = {
			isa = PBXGroup;
			children = (
				D9B0A85E24F24C3300C20034 /* DesignCode */,
				D9B0A85D24F24C3300C20034 /* Products */,
			);
			sourceTree = "<group>";
		};
		D9B0A85D24F24C3300C20034 /* Products */ = {
			isa = PBXGroup;
			children = (
				D9B0A85C24F24C3300C20034 /* DesignCode.app */,
			);
			name = Products;
			sourceTree = "<group>";
		};
		D9B0A85E24F24C3300C20034 /* DesignCode */ = {
			isa = PBXGroup;
			children = (
				D9B0A85F24F24C3300C20034 /* AppDelegate.swift */,
				D9B0A86124F24C3300C20034 /* SceneDelegate.swift */,
				D9B0A86624F24C3300C20034 /* ContentView.swift */,
				D9FA3DB624F53ED8009ADECE /* Home.swift */,
				D96F141324F7DC3400C4BD71 /* UpdateList.swift */,
				D96972AA24F948B700A98A90 /* UpdateStore.swift */,
				D950D6562504B3C4001F3D27 /* Data.swift */,
				D950D6582504BB8A001F3D27 /* PostList.swift */,
				D9BF69E724FA3A14002AE626 /* RingView.swift */,
				D96972AC24F94C9C00A98A90 /* TabBar.swift */,
				D954F60024FB9D4A00C0C74B /* Modifiers.swift */,
				D96972A824F9422E00A98A90 /* UpdateDetails.swift */,
				D9E5243F24F6954D00619D6D /* HomeView.swift */,
				D9EDBBEA24FD240E00BDBA04 /* CourseList.swift */,
				D950D65425049CC1001F3D27 /* CourseDetail.swift */,
				D9FA3DB424F5288E009ADECE /* MenuView.swift */,
				D9B0A86824F24C3C00C20034 /* Assets.xcassets */,
				D954F60224FBA2A700C0C74B /* Work_Sans */,
				D9B0A86D24F24C3C00C20034 /* LaunchScreen.storyboard */,
				D9B0A87024F24C3C00C20034 /* Info.plist */,
				D9B0A86324F24C3300C20034 /* DesignCode.xcdatamodeld */,
				D9B0A86A24F24C3C00C20034 /* Preview Content */,
			);
			path = DesignCode;
			sourceTree = "<group>";
		};
		D9B0A86A24F24C3C00C20034 /* Preview Content */ = {
			isa = PBXGroup;
			children = (
				D9B0A86B24F24C3C00C20034 /* Preview Assets.xcassets */,
			);
			path = "Preview Content";
			sourceTree = "<group>";
		};
/* End PBXGroup section */

/* Begin PBXNativeTarget section */
		D9B0A85B24F24C3300C20034 /* DesignCode */ = {
			isa = PBXNativeTarget;
			buildConfigurationList = D9B0A87324F24C3C00C20034 /* Build configuration list for PBXNativeTarget "DesignCode" */;
			buildPhases = (
				D9B0A85824F24C3300C20034 /* Sources */,
				D9B0A85924F24C3300C20034 /* Frameworks */,
				D9B0A85A24F24C3300C20034 /* Resources */,
			);
			buildRules = (
			);
			dependencies = (
			);
			name = DesignCode;
			productName = DesignCode;
			productReference = D9B0A85C24F24C3300C20034 /* DesignCode.app */;
			productType = "com.apple.product-type.application";
		};
/* End PBXNativeTarget section */

/* Begin PBXProject section */
		D9B0A85424F24C3300C20034 /* Project object */ = {
			isa = PBXProject;
			attributes = {
				LastSwiftUpdateCheck = 1150;
				LastUpgradeCheck = 1150;
				ORGANIZATIONNAME = Parnak;
				TargetAttributes = {
					D9B0A85B24F24C3300C20034 = {
						CreatedOnToolsVersion = 11.5;
					};
				};
			};
			buildConfigurationList = D9B0A85724F24C3300C20034 /* Build configuration list for PBXProject "DesignCode" */;
			compatibilityVersion = "Xcode 9.3";
			developmentRegion = en;
			hasScannedForEncodings = 0;
			knownRegions = (
				en,
				Base,
			);
			mainGroup = D9B0A85324F24C3300C20034;
			productRefGroup = D9B0A85D24F24C3300C20034 /* Products */;
			projectDirPath = "";
			projectRoot = "";
			targets = (
				D9B0A85B24F24C3300C20034 /* DesignCode */,
			);
		};
/* End PBXProject section */

/* Begin PBXResourcesBuildPhase section */
		D9B0A85A24F24C3300C20034 /* Resources */ = {
			isa = PBXResourcesBuildPhase;
			buildActionMask = 2147483647;
			files = (
				D954F60324FBA2A800C0C74B /* Work_Sans in Resources */,
				D9B0A86F24F24C3C00C20034 /* LaunchScreen.storyboard in Resources */,
				D9B0A86C24F24C3C00C20034 /* Preview Assets.xcassets in Resources */,
				D9B0A86924F24C3C00C20034 /* Assets.xcassets in Resources */,
			);
			runOnlyForDeploymentPostprocessing = 0;
		};
/* End PBXResourcesBuildPhase section */

/* Begin PBXSourcesBuildPhase section */
		D9B0A85824F24C3300C20034 /* Sources */ = {
			isa = PBXSourcesBuildPhase;
			buildActionMask = 2147483647;
			files = (
				D9BF69E824FA3A14002AE626 /* RingView.swift in Sources */,
				D9FA3DB524F5288E009ADECE /* MenuView.swift in Sources */,
				D9E5244024F6954D00619D6D /* HomeView.swift in Sources */,
				D950D65525049CC1001F3D27 /* CourseDetail.swift in Sources */,
				D96972A924F9422E00A98A90 /* UpdateDetails.swift in Sources */,
				D96F141424F7DC3400C4BD71 /* UpdateList.swift in Sources */,
				D9B0A86524F24C3300C20034 /* DesignCode.xcdatamodeld in Sources */,
				D9EDBBEB24FD240E00BDBA04 /* CourseList.swift in Sources */,
				D9B0A86024F24C3300C20034 /* AppDelegate.swift in Sources */,
				D96972AB24F948B700A98A90 /* UpdateStore.swift in Sources */,
				D9B0A86724F24C3300C20034 /* ContentView.swift in Sources */,
				D96972AD24F94C9C00A98A90 /* TabBar.swift in Sources */,
				D9FA3DB724F53ED8009ADECE /* Home.swift in Sources */,
				D9B0A86224F24C3300C20034 /* SceneDelegate.swift in Sources */,
				D950D6592504BB8A001F3D27 /* PostList.swift in Sources */,
				D954F60124FB9D4A00C0C74B /* Modifiers.swift in Sources */,
				D950D6572504B3C4001F3D27 /* Data.swift in Sources */,
			);
			runOnlyForDeploymentPostprocessing = 0;
		};
/* End PBXSourcesBuildPhase section */

/* Begin PBXVariantGroup section */
		D9B0A86D24F24C3C00C20034 /* LaunchScreen.storyboard */ = {
			isa = PBXVariantGroup;
			children = (
				D9B0A86E24F24C3C00C20034 /* Base */,
			);
			name = LaunchScreen.storyboard;
			sourceTree = "<group>";
		};
/* End PBXVariantGroup section */

/* Begin XCBuildConfiguration section */
		D9B0A87124F24C3C00C20034 /* Debug */ = {
			isa = XCBuildConfiguration;
			buildSettings = {
				ALWAYS_SEARCH_USER_PATHS = NO;
				CLANG_ANALYZER_NONNULL = YES;
				CLANG_ANALYZER_NUMBER_OBJECT_CONVERSION = YES_AGGRESSIVE;
				CLANG_CXX_LANGUAGE_STANDARD = "gnu++14";
				CLANG_CXX_LIBRARY = "libc++";
				CLANG_ENABLE_MODULES = YES;
				CLANG_ENABLE_OBJC_ARC = YES;
				CLANG_ENABLE_OBJC_WEAK = YES;
				CLANG_WARN_BLOCK_CAPTURE_AUTORELEASING = YES;
				CLANG_WARN_BOOL_CONVERSION = YES;
				CLANG_WARN_COMMA = YES;
				CLANG_WARN_CONSTANT_CONVERSION = YES;
				CLANG_WARN_DEPRECATED_OBJC_IMPLEMENTATIONS = YES;
				CLANG_WARN_DIRECT_OBJC_ISA_USAGE = YES_ERROR;
				CLANG_WARN_DOCUMENTATION_COMMENTS = YES;
				CLANG_WARN_EMPTY_BODY = YES;
				CLANG_WARN_ENUM_CONVERSION = YES;
				CLANG_WARN_INFINITE_RECURSION = YES;
				CLANG_WARN_INT_CONVERSION = YES;
				CLANG_WARN_NON_LITERAL_NULL_CONVERSION = YES;
				CLANG_WARN_OBJC_IMPLICIT_RETAIN_SELF = YES;
				CLANG_WARN_OBJC_LITERAL_CONVERSION = YES;
				CLANG_WARN_OBJC_ROOT_CLASS = YES_ERROR;
				CLANG_WARN_RANGE_LOOP_ANALYSIS = YES;
				CLANG_WARN_STRICT_PROTOTYPES = YES;
				CLANG_WARN_SUSPICIOUS_MOVE = YES;
				CLANG_WARN_UNGUARDED_AVAILABILITY = YES_AGGRESSIVE;
				CLANG_WARN_UNREACHABLE_CODE = YES;
				CLANG_WARN__DUPLICATE_METHOD_MATCH = YES;
				COPY_PHASE_STRIP = NO;
				DEBUG_INFORMATION_FORMAT = dwarf;
				ENABLE_STRICT_OBJC_MSGSEND = YES;
				ENABLE_TESTABILITY = YES;
				GCC_C_LANGUAGE_STANDARD = gnu11;
				GCC_DYNAMIC_NO_PIC = NO;
				GCC_NO_COMMON_BLOCKS = YES;
				GCC_OPTIMIZATION_LEVEL = 0;
				GCC_PREPROCESSOR_DEFINITIONS = (
					"DEBUG=1",
					"$(inherited)",
				);
				GCC_WARN_64_TO_32_BIT_CONVERSION = YES;
				GCC_WARN_ABOUT_RETURN_TYPE = YES_ERROR;
				GCC_WARN_UNDECLARED_SELECTOR = YES;
				GCC_WARN_UNINITIALIZED_AUTOS = YES_AGGRESSIVE;
				GCC_WARN_UNUSED_FUNCTION = YES;
				GCC_WARN_UNUSED_VARIABLE = YES;
				IPHONEOS_DEPLOYMENT_TARGET = 13.5;
				MTL_ENABLE_DEBUG_INFO = INCLUDE_SOURCE;
				MTL_FAST_MATH = YES;
				ONLY_ACTIVE_ARCH = YES;
				SDKROOT = iphoneos;
				SWIFT_ACTIVE_COMPILATION_CONDITIONS = DEBUG;
				SWIFT_OPTIMIZATION_LEVEL = "-Onone";
			};
			name = Debug;
		};
		D9B0A87224F24C3C00C20034 /* Release */ = {
			isa = XCBuildConfiguration;
			buildSettings = {
				ALWAYS_SEARCH_USER_PATHS = NO;
				CLANG_ANALYZER_NONNULL = YES;
				CLANG_ANALYZER_NUMBER_OBJECT_CONVERSION = YES_AGGRESSIVE;
				CLANG_CXX_LANGUAGE_STANDARD = "gnu++14";
				CLANG_CXX_LIBRARY = "libc++";
				CLANG_ENABLE_MODULES = YES;
				CLANG_ENABLE_OBJC_ARC = YES;
				CLANG_ENABLE_OBJC_WEAK = YES;
				CLANG_WARN_BLOCK_CAPTURE_AUTORELEASING = YES;
				CLANG_WARN_BOOL_CONVERSION = YES;
				CLANG_WARN_COMMA = YES;
				CLANG_WARN_CONSTANT_CONVERSION = YES;
				CLANG_WARN_DEPRECATED_OBJC_IMPLEMENTATIONS = YES;
				CLANG_WARN_DIRECT_OBJC_ISA_USAGE = YES_ERROR;
				CLANG_WARN_DOCUMENTATION_COMMENTS = YES;
				CLANG_WARN_EMPTY_BODY = YES;
				CLANG_WARN_ENUM_CONVERSION = YES;
				CLANG_WARN_INFINITE_RECURSION = YES;
				CLANG_WARN_INT_CONVERSION = YES;
				CLANG_WARN_NON_LITERAL_NULL_CONVERSION = YES;
				CLANG_WARN_OBJC_IMPLICIT_RETAIN_SELF = YES;
				CLANG_WARN_OBJC_LITERAL_CONVERSION = YES;
				CLANG_WARN_OBJC_ROOT_CLASS = YES_ERROR;
				CLANG_WARN_RANGE_LOOP_ANALYSIS = YES;
				CLANG_WARN_STRICT_PROTOTYPES = YES;
				CLANG_WARN_SUSPICIOUS_MOVE = YES;
				CLANG_WARN_UNGUARDED_AVAILABILITY = YES_AGGRESSIVE;
				CLANG_WARN_UNREACHABLE_CODE = YES;
				CLANG_WARN__DUPLICATE_METHOD_MATCH = YES;
				COPY_PHASE_STRIP = NO;
				DEBUG_INFORMATION_FORMAT = "dwarf-with-dsym";
				ENABLE_NS_ASSERTIONS = NO;
				ENABLE_STRICT_OBJC_MSGSEND = YES;
				GCC_C_LANGUAGE_STANDARD = gnu11;
				GCC_NO_COMMON_BLOCKS = YES;
				GCC_WARN_64_TO_32_BIT_CONVERSION = YES;
				GCC_WARN_ABOUT_RETURN_TYPE = YES_ERROR;
				GCC_WARN_UNDECLARED_SELECTOR = YES;
				GCC_WARN_UNINITIALIZED_AUTOS = YES_AGGRESSIVE;
				GCC_WARN_UNUSED_FUNCTION = YES;
				GCC_WARN_UNUSED_VARIABLE = YES;
				IPHONEOS_DEPLOYMENT_TARGET = 13.5;
				MTL_ENABLE_DEBUG_INFO = NO;
				MTL_FAST_MATH = YES;
				SDKROOT = iphoneos;
				SWIFT_COMPILATION_MODE = wholemodule;
				SWIFT_OPTIMIZATION_LEVEL = "-O";
				VALIDATE_PRODUCT = YES;
			};
			name = Release;
		};
		D9B0A87424F24C3C00C20034 /* Debug */ = {
			isa = XCBuildConfiguration;
			buildSettings = {
				ASSETCATALOG_COMPILER_APPICON_NAME = AppIcon;
				CODE_SIGN_STYLE = Automatic;
				DEVELOPMENT_ASSET_PATHS = "\"DesignCode/Preview Content\"";
				DEVELOPMENT_TEAM = Y298FZLMHN;
				ENABLE_PREVIEWS = YES;
				INFOPLIST_FILE = DesignCode/Info.plist;
				LD_RUNPATH_SEARCH_PATHS = (
					"$(inherited)",
					"@executable_path/Frameworks",
				);
				PRODUCT_BUNDLE_IDENTIFIER = io.DesignCode;
				PRODUCT_NAME = "$(TARGET_NAME)";
				SWIFT_VERSION = 5.0;
				TARGETED_DEVICE_FAMILY = "1,2";
			};
			name = Debug;
		};
		D9B0A87524F24C3C00C20034 /* Release */ = {
			isa = XCBuildConfiguration;
			buildSettings = {
				ASSETCATALOG_COMPILER_APPICON_NAME = AppIcon;
				CODE_SIGN_STYLE = Automatic;
				DEVELOPMENT_ASSET_PATHS = "\"DesignCode/Preview Content\"";
				DEVELOPMENT_TEAM = Y298FZLMHN;
				ENABLE_PREVIEWS = YES;
				INFOPLIST_FILE = DesignCode/Info.plist;
				LD_RUNPATH_SEARCH_PATHS = (
					"$(inherited)",
					"@executable_path/Frameworks",
				);
				PRODUCT_BUNDLE_IDENTIFIER = io.DesignCode;
				PRODUCT_NAME = "$(TARGET_NAME)";
				SWIFT_VERSION = 5.0;
				TARGETED_DEVICE_FAMILY = "1,2";
			};
			name = Release;
		};
/* End XCBuildConfiguration section */

/* Begin XCConfigurationList section */
		D9B0A85724F24C3300C20034 /* Build configuration list for PBXProject "DesignCode" */ = {
			isa = XCConfigurationList;
			buildConfigurations = (
				D9B0A87124F24C3C00C20034 /* Debug */,
				D9B0A87224F24C3C00C20034 /* Release */,
			);
			defaultConfigurationIsVisible = 0;
			defaultConfigurationName = Release;
		};
		D9B0A87324F24C3C00C20034 /* Build configuration list for PBXNativeTarget "DesignCode" */ = {
			isa = XCConfigurationList;
			buildConfigurations = (
				D9B0A87424F24C3C00C20034 /* Debug */,
				D9B0A87524F24C3C00C20034 /* Release */,
			);
			defaultConfigurationIsVisible = 0;
			defaultConfigurationName = Release;
		};
/* End XCConfigurationList section */

/* Begin XCVersionGroup section */
		D9B0A86324F24C3300C20034 /* DesignCode.xcdatamodeld */ = {
			isa = XCVersionGroup;
			children = (
				D9B0A86424F24C3300C20034 /* DesignCode.xcdatamodel */,
			);
			currentVersion = D9B0A86424F24C3300C20034 /* DesignCode.xcdatamodel */;
			path = DesignCode.xcdatamodeld;
			sourceTree = "<group>";
			versionGroupType = wrapper.xcdatamodel;
		};
/* End XCVersionGroup section */
	};
	rootObject = D9B0A85424F24C3300C20034 /* Project object */;
}
